
Microsoft Visual Studio Solution File, Format Version 12.00
# Visual Studio Version 17
VisualStudioVersion = 17.11.35327.3
MinimumVisualStudioVersion = 10.0.40219.1
Project("{FAE04EC0-301F-11D3-BF4B-00C04F79EFBC}") = "Forms", "Forms\Forms.csproj", "{809C9737-413B-42A1-993B-AD691F386744}"
EndProject
Global
	GlobalSection(SolutionConfigurationPlatforms) = preSolution
		Debug|Any CPU = Debug|Any CPU
		Release|Any CPU = Release|Any CPU
	EndGlobalSection
	GlobalSection(ProjectConfigurationPlatforms) = postSolution
		{809C9737-413B-42A1-993B-AD691F386744}.Debug|Any CPU.ActiveCfg = Debug|Any CPU
		{809C9737-413B-42A1-993B-AD691F386744}.Debug|Any CPU.Build.0 = Debug|Any CPU
		{809C9737-413B-42A1-993B-AD691F386744}.Release|Any CPU.ActiveCfg = Release|Any CPU
		{809C9737-413B-42A1-993B-AD691F386744}.Release|Any CPU.Build.0 = Release|Any CPU
	EndGlobalSection
	GlobalSection(SolutionProperties) = preSolution
		HideSolutionNode = FALSE
	EndGlobalSection
	GlobalSection(ExtensibilityGlobals) = postSolution
		SolutionGuid = {64EF0178-F056-46F6-AC68-0D0685CAE78C}
	EndGlobalSection
EndGlobal
